
Microsoft Visual Studio Solution File, Format Version 10.00
# Visual Studio 2008
Project("{8BC9CEB8-8B4A-11D0-8D11-00A0C91BC942}") = "MFC_Excel_Demo", "MFC_Excel_Demo.vcproj", "{7175D281-C6C7-466F-A886-E5719646F643}"
EndProject
Global
	GlobalSection(SolutionConfigurationPlatforms) = preSolution
		Debug|Win32 = Debug|Win32
		Release|Win32 = Release|Win32
	EndGlobalSection
	GlobalSection(ProjectConfigurationPlatforms) = postSolution
		{7175D281-C6C7-466F-A886-E5719646F643}.Debug|Win32.ActiveCfg = Debug|Win32
		{7175D281-C6C7-466F-A886-E5719646F643}.Debug|Win32.Build.0 = Debug|Win32
		{7175D281-C6C7-466F-A886-E5719646F643}.Release|Win32.ActiveCfg = Release|Win32
		{7175D281-C6C7-466F-A886-E5719646F643}.Release|Win32.Build.0 = Release|Win32
	EndGlobalSection
	GlobalSection(SolutionProperties) = preSolution
		HideSolutionNode = FALSE
	EndGlobalSection
EndGlobal
